
Microsoft Visual Studio Solution File, Format Version 12.00
# Visual Studio Version 16
VisualStudioVersion = 16.0.30225.117
MinimumVisualStudioVersion = 10.0.40219.1
Project("{FAE04EC0-301F-11D3-BF4B-00C04F79EFBC}") = "DiscordIdler", "DiscordIdler.csproj", "{207779BD-AAF3-45A3-A26A-E6C816F15E16}"
EndProject
Global
	GlobalSection(SolutionConfigurationPlatforms) = preSolution
		Debug|Any CPU = Debug|Any CPU
		Release|Any CPU = Release|Any CPU
	EndGlobalSection
	GlobalSection(ProjectConfigurationPlatforms) = postSolution
		{207779BD-AAF3-45A3-A26A-E6C816F15E16}.Debug|Any CPU.ActiveCfg = Debug|Any CPU
		{207779BD-AAF3-45A3-A26A-E6C816F15E16}.Debug|Any CPU.Build.0 = Debug|Any CPU
		{207779BD-AAF3-45A3-A26A-E6C816F15E16}.Release|Any CPU.ActiveCfg = Release|Any CPU
		{207779BD-AAF3-45A3-A26A-E6C816F15E16}.Release|Any CPU.Build.0 = Release|Any CPU
	EndGlobalSection
	GlobalSection(SolutionProperties) = preSolution
		HideSolutionNode = FALSE
	EndGlobalSection
	GlobalSection(ExtensibilityGlobals) = postSolution
		SolutionGuid = {A2736588-51AA-4936-A802-D1A788400870}
	EndGlobalSection
EndGlobal
